
Microsoft Visual Studio Solution File, Format Version 12.00
# Visual Studio Version 17
VisualStudioVersion = 17.3.32922.545
MinimumVisualStudioVersion = 10.0.40219.1
Project("{FAE04EC0-301F-11D3-BF4B-00C04F79EFBC}") = "bookShop", "bookShop\bookShop.csproj", "{D580031F-F970-4911-B11D-9D4A45997C1A}"
EndProject
Global
	GlobalSection(SolutionConfigurationPlatforms) = preSolution
		Debug|Any CPU = Debug|Any CPU
		Release|Any CPU = Release|Any CPU
	EndGlobalSection
	GlobalSection(ProjectConfigurationPlatforms) = postSolution
		{D580031F-F970-4911-B11D-9D4A45997C1A}.Debug|Any CPU.ActiveCfg = Debug|Any CPU
		{D580031F-F970-4911-B11D-9D4A45997C1A}.Debug|Any CPU.Build.0 = Debug|Any CPU
		{D580031F-F970-4911-B11D-9D4A45997C1A}.Release|Any CPU.ActiveCfg = Release|Any CPU
		{D580031F-F970-4911-B11D-9D4A45997C1A}.Release|Any CPU.Build.0 = Release|Any CPU
	EndGlobalSection
	GlobalSection(SolutionProperties) = preSolution
		HideSolutionNode = FALSE
	EndGlobalSection
	GlobalSection(ExtensibilityGlobals) = postSolution
		SolutionGuid = {69A652E7-0D6C-4CB1-B4EE-E932DC0EAF70}
	EndGlobalSection
EndGlobal
